// !$*UTF8*$!
{
	archiveVersion = 1;
	classes = {
	};
	objectVersion = 50;
	objects = {

/* Begin PBXBuildFile section */
		AA052A9C2302302200F130B2 /* UNService.swift in Sources */ = {isa = PBXBuildFile; fileRef = AA052A9B2302302200F130B2 /* UNService.swift */; };
		AA5F9AF52302163000FBC25D /* AppDelegate.swift in Sources */ = {isa = PBXBuildFile; fileRef = AA5F9AF42302163000FBC25D /* AppDelegate.swift */; };
		AA5F9AF72302163000FBC25D /* ViewController.swift in Sources */ = {isa = PBXBuildFile; fileRef = AA5F9AF62302163000FBC25D /* ViewController.swift */; };
		AA5F9AFA2302163100FBC25D /* Main.storyboard in Resources */ = {isa = PBXBuildFile; fileRef = AA5F9AF82302163100FBC25D /* Main.storyboard */; };
		AA5F9AFC2302164D00FBC25D /* Assets.xcassets in Resources */ = {isa = PBXBuildFile; fileRef = AA5F9AFB2302164D00FBC25D /* Assets.xcassets */; };
		AA5F9AFF2302164F00FBC25D /* LaunchScreen.storyboard in Resources */ = {isa = PBXBuildFile; fileRef = AA5F9AFD2302164F00FBC25D /* LaunchScreen.storyboard */; };
		AA5F9B0B2302192300FBC25D /* ShadowView.swift in Sources */ = {isa = PBXBuildFile; fileRef = AA5F9B0A2302192300FBC25D /* ShadowView.swift */; };
/* End PBXBuildFile section */

/* Begin PBXFileReference section */
		AA052A9B2302302200F130B2 /* UNService.swift */ = {isa = PBXFileReference; lastKnownFileType = sourcecode.swift; path = UNService.swift; sourceTree = "<group>"; };
		AA5F9AF12302163000FBC25D /* Remind.app */ = {isa = PBXFileReference; explicitFileType = wrapper.application; includeInIndex = 0; path = Remind.app; sourceTree = BUILT_PRODUCTS_DIR; };
		AA5F9AF42302163000FBC25D /* AppDelegate.swift */ = {isa = PBXFileReference; lastKnownFileType = sourcecode.swift; path = AppDelegate.swift; sourceTree = "<group>"; };
		AA5F9AF62302163000FBC25D /* ViewController.swift */ = {isa = PBXFileReference; lastKnownFileType = sourcecode.swift; path = ViewController.swift; sourceTree = "<group>"; };
		AA5F9AF92302163100FBC25D /* Base */ = {isa = PBXFileReference; lastKnownFileType = file.storyboard; name = Base; path = Base.lproj/Main.storyboard; sourceTree = "<group>"; };
		AA5F9AFB2302164D00FBC25D /* Assets.xcassets */ = {isa = PBXFileReference; lastKnownFileType = folder.assetcatalog; path = Assets.xcassets; sourceTree = "<group>"; };
		AA5F9AFE2302164F00FBC25D /* Base */ = {isa = PBXFileReference; lastKnownFileType = file.storyboard; name = Base; path = Base.lproj/LaunchScreen.storyboard; sourceTree = "<group>"; };
		AA5F9B002302164F00FBC25D /* Info.plist */ = {isa = PBXFileReference; lastKnownFileType = text.plist.xml; path = Info.plist; sourceTree = "<group>"; };
		AA5F9B0A2302192300FBC25D /* ShadowView.swift */ = {isa = PBXFileReference; lastKnownFileType = sourcecode.swift; path = ShadowView.swift; sourceTree = "<group>"; };
/* End PBXFileReference section */

/* Begin PBXFrameworksBuildPhase section */
		AA5F9AEE2302163000FBC25D /* Frameworks */ = {
			isa = PBXFrameworksBuildPhase;
			buildActionMask = 2147483647;
			files = (
			);
			runOnlyForDeploymentPostprocessing = 0;
		};
/* End PBXFrameworksBuildPhase section */

/* Begin PBXGroup section */
		AA5F9AE82302163000FBC25D = {
			isa = PBXGroup;
			children = (
				AA5F9AF32302163000FBC25D /* Remind */,
				AA5F9AF22302163000FBC25D /* Products */,
			);
			sourceTree = "<group>";
		};
		AA5F9AF22302163000FBC25D /* Products */ = {
			isa = PBXGroup;
			children = (
				AA5F9AF12302163000FBC25D /* Remind.app */,
			);
			name = Products;
			sourceTree = "<group>";
		};
		AA5F9AF32302163000FBC25D /* Remind */ = {
			isa = PBXGroup;
			children = (
				AA5F9B092302174D00FBC25D /* Model */,
				AA5F9B082302174400FBC25D /* View */,
				AA5F9B072302173700FBC25D /* Controller */,
				AA5F9B062302172F00FBC25D /* Services */,
				AA5F9AF82302163100FBC25D /* Main.storyboard */,
				AA5F9AFB2302164D00FBC25D /* Assets.xcassets */,
				AA5F9AFD2302164F00FBC25D /* LaunchScreen.storyboard */,
				AA5F9B002302164F00FBC25D /* Info.plist */,
			);
			path = Remind;
			sourceTree = "<group>";
		};
		AA5F9B062302172F00FBC25D /* Services */ = {
			isa = PBXGroup;
			children = (
				AA052A9B2302302200F130B2 /* UNService.swift */,
			);
			path = Services;
			sourceTree = "<group>";
		};
		AA5F9B072302173700FBC25D /* Controller */ = {
			isa = PBXGroup;
			children = (
				AA5F9AF42302163000FBC25D /* AppDelegate.swift */,
				AA5F9AF62302163000FBC25D /* ViewController.swift */,
			);
			path = Controller;
			sourceTree = "<group>";
		};
		AA5F9B082302174400FBC25D /* View */ = {
			isa = PBXGroup;
			children = (
				AA5F9B0A2302192300FBC25D /* ShadowView.swift */,
			);
			path = View;
			sourceTree = "<group>";
		};
		AA5F9B092302174D00FBC25D /* Model */ = {
			isa = PBXGroup;
			children = (
			);
			path = Model;
			sourceTree = "<group>";
		};
/* End PBXGroup section */

/* Begin PBXNativeTarget section */
		AA5F9AF02302163000FBC25D /* Remind */ = {
			isa = PBXNativeTarget;
			buildConfigurationList = AA5F9B032302164F00FBC25D /* Build configuration list for PBXNativeTarget "Remind" */;
			buildPhases = (
				AA5F9AED2302163000FBC25D /* Sources */,
				AA5F9AEE2302163000FBC25D /* Frameworks */,
				AA5F9AEF2302163000FBC25D /* Resources */,
			);
			buildRules = (
			);
			dependencies = (
			);
			name = Remind;
			productName = Remind;
			productReference = AA5F9AF12302163000FBC25D /* Remind.app */;
			productType = "com.apple.product-type.application";
		};
/* End PBXNativeTarget section */

/* Begin PBXProject section */
		AA5F9AE92302163000FBC25D /* Project object */ = {
			isa = PBXProject;
			attributes = {
				LastSwiftUpdateCheck = 1030;
				LastUpgradeCheck = 1030;
				ORGANIZATIONNAME = "James Volmert";
				TargetAttributes = {
					AA5F9AF02302163000FBC25D = {
						CreatedOnToolsVersion = 10.3;
					};
				};
			};
			buildConfigurationList = AA5F9AEC2302163000FBC25D /* Build configuration list for PBXProject "Remind" */;
			compatibilityVersion = "Xcode 9.3";
			developmentRegion = en;
			hasScannedForEncodings = 0;
			knownRegions = (
				en,
				Base,
			);
			mainGroup = AA5F9AE82302163000FBC25D;
			productRefGroup = AA5F9AF22302163000FBC25D /* Products */;
			projectDirPath = "";
			projectRoot = "";
			targets = (
				AA5F9AF02302163000FBC25D /* Remind */,
			);
		};
/* End PBXProject section */

/* Begin PBXResourcesBuildPhase section */
		AA5F9AEF2302163000FBC25D /* Resources */ = {
			isa = PBXResourcesBuildPhase;
			buildActionMask = 2147483647;
			files = (
				AA5F9AFF2302164F00FBC25D /* LaunchScreen.storyboard in Resources */,
				AA5F9AFC2302164D00FBC25D /* Assets.xcassets in Resources */,
				AA5F9AFA2302163100FBC25D /* Main.storyboard in Resources */,
			);
			runOnlyForDeploymentPostprocessing = 0;
		};
/* End PBXResourcesBuildPhase section */

/* Begin PBXSourcesBuildPhase section */
		AA5F9AED2302163000FBC25D /* Sources */ = {
			isa = PBXSourcesBuildPhase;
			buildActionMask = 2147483647;
			files = (
				AA5F9B0B2302192300FBC25D /* ShadowView.swift in Sources */,
				AA5F9AF72302163000FBC25D /* ViewController.swift in Sources */,
				AA052A9C2302302200F130B2 /* UNService.swift in Sources */,
				AA5F9AF52302163000FBC25D /* AppDelegate.swift in Sources */,
			);
			runOnlyForDeploymentPostprocessing = 0;
		};
/* End PBXSourcesBuildPhase section */

/* Begin PBXVariantGroup section */
		AA5F9AF82302163100FBC25D /* Main.storyboard */ = {
			isa = PBXVariantGroup;
			children = (
				AA5F9AF92302163100FBC25D /* Base */,
			);
			name = Main.storyboard;
			sourceTree = "<group>";
		};
		AA5F9AFD2302164F00FBC25D /* LaunchScreen.storyboard */ = {
			isa = PBXVariantGroup;
			children = (
				AA5F9AFE2302164F00FBC25D /* Base */,
			);
			name = LaunchScreen.storyboard;
			sourceTree = "<group>";
		};
/* End PBXVariantGroup section */

/* Begin XCBuildConfiguration section */
		AA5F9B012302164F00FBC25D /* Debug */ = {
			isa = XCBuildConfiguration;
			buildSettings = {
				ALWAYS_SEARCH_USER_PATHS = NO;
				CLANG_ANALYZER_NONNULL = YES;
				CLANG_ANALYZER_NUMBER_OBJECT_CONVERSION = YES_AGGRESSIVE;
				CLANG_CXX_LANGUAGE_STANDARD = "gnu++14";
				CLANG_CXX_LIBRARY = "libc++";
				CLANG_ENABLE_MODULES = YES;
				CLANG_ENABLE_OBJC_ARC = YES;
				CLANG_ENABLE_OBJC_WEAK = YES;
				CLANG_WARN_BLOCK_CAPTURE_AUTORELEASING = YES;
				CLANG_WARN_BOOL_CONVERSION = YES;
				CLANG_WARN_COMMA = YES;
				CLANG_WARN_CONSTANT_CONVERSION = YES;
				CLANG_WARN_DEPRECATED_OBJC_IMPLEMENTATIONS = YES;
				CLANG_WARN_DIRECT_OBJC_ISA_USAGE = YES_ERROR;
				CLANG_WARN_DOCUMENTATION_COMMENTS = YES;
				CLANG_WARN_EMPTY_BODY = YES;
				CLANG_WARN_ENUM_CONVERSION = YES;
				CLANG_WARN_INFINITE_RECURSION = YES;
				CLANG_WARN_INT_CONVERSION = YES;
				CLANG_WARN_NON_LITERAL_NULL_CONVERSION = YES;
				CLANG_WARN_OBJC_IMPLICIT_RETAIN_SELF = YES;
				CLANG_WARN_OBJC_LITERAL_CONVERSION = YES;
				CLANG_WARN_OBJC_ROOT_CLASS = YES_ERROR;
				CLANG_WARN_RANGE_LOOP_ANALYSIS = YES;
				CLANG_WARN_STRICT_PROTOTYPES = YES;
				CLANG_WARN_SUSPICIOUS_MOVE = YES;
				CLANG_WARN_UNGUARDED_AVAILABILITY = YES_AGGRESSIVE;
				CLANG_WARN_UNREACHABLE_CODE = YES;
				CLANG_WARN__DUPLICATE_METHOD_MATCH = YES;
				CODE_SIGN_IDENTITY = "iPhone Developer";
				COPY_PHASE_STRIP = NO;
				DEBUG_INFORMATION_FORMAT = dwarf;
				ENABLE_STRICT_OBJC_MSGSEND = YES;
				ENABLE_TESTABILITY = YES;
				GCC_C_LANGUAGE_STANDARD = gnu11;
				GCC_DYNAMIC_NO_PIC = NO;
				GCC_NO_COMMON_BLOCKS = YES;
				GCC_OPTIMIZATION_LEVEL = 0;
				GCC_PREPROCESSOR_DEFINITIONS = (
					"DEBUG=1",
					"$(inherited)",
				);
				GCC_WARN_64_TO_32_BIT_CONVERSION = YES;
				GCC_WARN_ABOUT_RETURN_TYPE = YES_ERROR;
				GCC_WARN_UNDECLARED_SELECTOR = YES;
				GCC_WARN_UNINITIALIZED_AUTOS = YES_AGGRESSIVE;
				GCC_WARN_UNUSED_FUNCTION = YES;
				GCC_WARN_UNUSED_VARIABLE = YES;
				IPHONEOS_DEPLOYMENT_TARGET = 12.4;
				MTL_ENABLE_DEBUG_INFO = INCLUDE_SOURCE;
				MTL_FAST_MATH = YES;
				ONLY_ACTIVE_ARCH = YES;
				SDKROOT = iphoneos;
				SWIFT_ACTIVE_COMPILATION_CONDITIONS = DEBUG;
				SWIFT_OPTIMIZATION_LEVEL = "-Onone";
			};
			name = Debug;
		};
		AA5F9B022302164F00FBC25D /* Release */ = {
			isa = XCBuildConfiguration;
			buildSettings = {
				ALWAYS_SEARCH_USER_PATHS = NO;
				CLANG_ANALYZER_NONNULL = YES;
				CLANG_ANALYZER_NUMBER_OBJECT_CONVERSION = YES_AGGRESSIVE;
				CLANG_CXX_LANGUAGE_STANDARD = "gnu++14";
				CLANG_CXX_LIBRARY = "libc++";
				CLANG_ENABLE_MODULES = YES;
				CLANG_ENABLE_OBJC_ARC = YES;
				CLANG_ENABLE_OBJC_WEAK = YES;
				CLANG_WARN_BLOCK_CAPTURE_AUTORELEASING = YES;
				CLANG_WARN_BOOL_CONVERSION = YES;
				CLANG_WARN_COMMA = YES;
				CLANG_WARN_CONSTANT_CONVERSION = YES;
				CLANG_WARN_DEPRECATED_OBJC_IMPLEMENTATIONS = YES;
				CLANG_WARN_DIRECT_OBJC_ISA_USAGE = YES_ERROR;
				CLANG_WARN_DOCUMENTATION_COMMENTS = YES;
				CLANG_WARN_EMPTY_BODY = YES;
				CLANG_WARN_ENUM_CONVERSION = YES;
				CLANG_WARN_INFINITE_RECURSION = YES;
				CLANG_WARN_INT_CONVERSION = YES;
				CLANG_WARN_NON_LITERAL_NULL_CONVERSION = YES;
				CLANG_WARN_OBJC_IMPLICIT_RETAIN_SELF = YES;
				CLANG_WARN_OBJC_LITERAL_CONVERSION = YES;
				CLANG_WARN_OBJC_ROOT_CLASS = YES_ERROR;
				CLANG_WARN_RANGE_LOOP_ANALYSIS = YES;
				CLANG_WARN_STRICT_PROTOTYPES = YES;
				CLANG_WARN_SUSPICIOUS_MOVE = YES;
				CLANG_WARN_UNGUARDED_AVAILABILITY = YES_AGGRESSIVE;
				CLANG_WARN_UNREACHABLE_CODE = YES;
				CLANG_WARN__DUPLICATE_METHOD_MATCH = YES;
				CODE_SIGN_IDENTITY = "iPhone Developer";
				COPY_PHASE_STRIP = NO;
				DEBUG_INFORMATION_FORMAT = "dwarf-with-dsym";
				ENABLE_NS_ASSERTIONS = NO;
				ENABLE_STRICT_OBJC_MSGSEND = YES;
				GCC_C_LANGUAGE_STANDARD = gnu11;
				GCC_NO_COMMON_BLOCKS = YES;
				GCC_WARN_64_TO_32_BIT_CONVERSION = YES;
				GCC_WARN_ABOUT_RETURN_TYPE = YES_ERROR;
				GCC_WARN_UNDECLARED_SELECTOR = YES;
				GCC_WARN_UNINITIALIZED_AUTOS = YES_AGGRESSIVE;
				GCC_WARN_UNUSED_FUNCTION = YES;
				GCC_WARN_UNUSED_VARIABLE = YES;
				IPHONEOS_DEPLOYMENT_TARGET = 12.4;
				MTL_ENABLE_DEBUG_INFO = NO;
				MTL_FAST_MATH = YES;
				SDKROOT = iphoneos;
				SWIFT_COMPILATION_MODE = wholemodule;
				SWIFT_OPTIMIZATION_LEVEL = "-O";
				VALIDATE_PRODUCT = YES;
			};
			name = Release;
		};
		AA5F9B042302164F00FBC25D /* Debug */ = {
			isa = XCBuildConfiguration;
			buildSettings = {
				ASSETCATALOG_COMPILER_APPICON_NAME = AppIcon;
				CODE_SIGN_STYLE = Automatic;
				DEVELOPMENT_TEAM = 9T3M3F8D2N;
				INFOPLIST_FILE = Remind/Info.plist;
				LD_RUNPATH_SEARCH_PATHS = (
					"$(inherited)",
					"@executable_path/Frameworks",
				);
				PRODUCT_BUNDLE_IDENTIFIER = vhg.Remind;
				PRODUCT_NAME = "$(TARGET_NAME)";
				SWIFT_VERSION = 5.0;
				TARGETED_DEVICE_FAMILY = "1,2";
			};
			name = Debug;
		};
		AA5F9B052302164F00FBC25D /* Release */ = {
			isa = XCBuildConfiguration;
			buildSettings = {
				ASSETCATALOG_COMPILER_APPICON_NAME = AppIcon;
				CODE_SIGN_STYLE = Automatic;
				DEVELOPMENT_TEAM = 9T3M3F8D2N;
				INFOPLIST_FILE = Remind/Info.plist;
				LD_RUNPATH_SEARCH_PATHS = (
					"$(inherited)",
					"@executable_path/Frameworks",
				);
				PRODUCT_BUNDLE_IDENTIFIER = vhg.Remind;
				PRODUCT_NAME = "$(TARGET_NAME)";
				SWIFT_VERSION = 5.0;
				TARGETED_DEVICE_FAMILY = "1,2";
			};
			name = Release;
		};
/* End XCBuildConfiguration section */

/* Begin XCConfigurationList section */
		AA5F9AEC2302163000FBC25D /* Build configuration list for PBXProject "Remind" */ = {
			isa = XCConfigurationList;
			buildConfigurations = (
				AA5F9B012302164F00FBC25D /* Debug */,
				AA5F9B022302164F00FBC25D /* Release */,
			);
			defaultConfigurationIsVisible = 0;
			defaultConfigurationName = Release;
		};
		AA5F9B032302164F00FBC25D /* Build configuration list for PBXNativeTarget "Remind" */ = {
			isa = XCConfigurationList;
			buildConfigurations = (
				AA5F9B042302164F00FBC25D /* Debug */,
				AA5F9B052302164F00FBC25D /* Release */,
			);
			defaultConfigurationIsVisible = 0;
			defaultConfigurationName = Release;
		};
/* End XCConfigurationList section */
	};
	rootObject = AA5F9AE92302163000FBC25D /* Project object */;
}
